
Microsoft Visual Studio Solution File, Format Version 12.00
# Visual Studio 2013
VisualStudioVersion = 12.0.21005.1
MinimumVisualStudioVersion = 10.0.40219.1
Project("{FAE04EC0-301F-11D3-BF4B-00C04F79EFBC}") = "CardSorter", "CardSorter\CardSorter.csproj", "{51DAF9CC-4034-4B6F-A47C-50BC0166CC11}"
EndProject
Project("{6141683F-8A12-4E36-9623-2EB02B2C2303}") = "Setup", "Setup\Setup.isproj", "{235B3AC6-F111-4B75-9F04-EB5F75037DA5}"
	ProjectSection(ProjectDependencies) = postProject
		{51DAF9CC-4034-4B6F-A47C-50BC0166CC11} = {51DAF9CC-4034-4B6F-A47C-50BC0166CC11}
	EndProjectSection
EndProject
Global
	GlobalSection(SolutionConfigurationPlatforms) = preSolution
		CD_ROM|Any CPU = CD_ROM|Any CPU
		Debug|Any CPU = Debug|Any CPU
		DVD-5|Any CPU = DVD-5|Any CPU
		Release|Any CPU = Release|Any CPU
		SingleImage|Any CPU = SingleImage|Any CPU
	EndGlobalSection
	GlobalSection(ProjectConfigurationPlatforms) = postSolution
		{51DAF9CC-4034-4B6F-A47C-50BC0166CC11}.CD_ROM|Any CPU.ActiveCfg = Release|Any CPU
		{51DAF9CC-4034-4B6F-A47C-50BC0166CC11}.CD_ROM|Any CPU.Build.0 = Release|Any CPU
		{51DAF9CC-4034-4B6F-A47C-50BC0166CC11}.Debug|Any CPU.ActiveCfg = Debug|Any CPU
		{51DAF9CC-4034-4B6F-A47C-50BC0166CC11}.Debug|Any CPU.Build.0 = Debug|Any CPU
		{51DAF9CC-4034-4B6F-A47C-50BC0166CC11}.DVD-5|Any CPU.ActiveCfg = Debug|Any CPU
		{51DAF9CC-4034-4B6F-A47C-50BC0166CC11}.DVD-5|Any CPU.Build.0 = Debug|Any CPU
		{51DAF9CC-4034-4B6F-A47C-50BC0166CC11}.Release|Any CPU.ActiveCfg = Release|Any CPU
		{51DAF9CC-4034-4B6F-A47C-50BC0166CC11}.Release|Any CPU.Build.0 = Release|Any CPU
		{51DAF9CC-4034-4B6F-A47C-50BC0166CC11}.SingleImage|Any CPU.ActiveCfg = Release|Any CPU
		{51DAF9CC-4034-4B6F-A47C-50BC0166CC11}.SingleImage|Any CPU.Build.0 = Release|Any CPU
		{235B3AC6-F111-4B75-9F04-EB5F75037DA5}.CD_ROM|Any CPU.ActiveCfg = CD_ROM
		{235B3AC6-F111-4B75-9F04-EB5F75037DA5}.CD_ROM|Any CPU.Build.0 = CD_ROM
		{235B3AC6-F111-4B75-9F04-EB5F75037DA5}.Debug|Any CPU.ActiveCfg = DVD-5
		{235B3AC6-F111-4B75-9F04-EB5F75037DA5}.Debug|Any CPU.Build.0 = DVD-5
		{235B3AC6-F111-4B75-9F04-EB5F75037DA5}.DVD-5|Any CPU.ActiveCfg = DVD-5
		{235B3AC6-F111-4B75-9F04-EB5F75037DA5}.DVD-5|Any CPU.Build.0 = DVD-5
		{235B3AC6-F111-4B75-9F04-EB5F75037DA5}.Release|Any CPU.ActiveCfg = SingleImage
		{235B3AC6-F111-4B75-9F04-EB5F75037DA5}.Release|Any CPU.Build.0 = SingleImage
		{235B3AC6-F111-4B75-9F04-EB5F75037DA5}.SingleImage|Any CPU.ActiveCfg = SingleImage
		{235B3AC6-F111-4B75-9F04-EB5F75037DA5}.SingleImage|Any CPU.Build.0 = SingleImage
	EndGlobalSection
	GlobalSection(SolutionProperties) = preSolution
		HideSolutionNode = FALSE
	EndGlobalSection
EndGlobal
